// !$*UTF8*$!
{
	archiveVersion = 1;
	classes = {
	};
	objectVersion = 46;
	objects = {

/* Begin PBXBuildFile section */
		6C9C6B2779B79CEFFA3EADA5 /* Pods_GeoTracker.framework in Frameworks */ = {isa = PBXBuildFile; fileRef = DE2F50A5E210664C48789D48 /* Pods_GeoTracker.framework */; };
		84BFBDDC1E50E8EC00411D92 /* AppDelegate.swift in Sources */ = {isa = PBXBuildFile; fileRef = 84BFBDDB1E50E8EC00411D92 /* AppDelegate.swift */; };
		84BFBDDE1E50E8EC00411D92 /* ViewController.swift in Sources */ = {isa = PBXBuildFile; fileRef = 84BFBDDD1E50E8EC00411D92 /* ViewController.swift */; };
		84BFBDE11E50E8EC00411D92 /* Main.storyboard in Resources */ = {isa = PBXBuildFile; fileRef = 84BFBDDF1E50E8EC00411D92 /* Main.storyboard */; };
		84BFBDE31E50E8EC00411D92 /* Assets.xcassets in Resources */ = {isa = PBXBuildFile; fileRef = 84BFBDE21E50E8EC00411D92 /* Assets.xcassets */; };
		84BFBDE61E50E8EC00411D92 /* LaunchScreen.storyboard in Resources */ = {isa = PBXBuildFile; fileRef = 84BFBDE41E50E8EC00411D92 /* LaunchScreen.storyboard */; };
		84BFBDF01E50E9E500411D92 /* SWRevealViewController.m in Sources */ = {isa = PBXBuildFile; fileRef = 84BFBDEF1E50E9E500411D92 /* SWRevealViewController.m */; };
		84BFBDF21E50EA6600411D92 /* BackTableVC.swift in Sources */ = {isa = PBXBuildFile; fileRef = 84BFBDF11E50EA6600411D92 /* BackTableVC.swift */; };
/* End PBXBuildFile section */

/* Begin PBXFileReference section */
		4A867C4E50A0DEFF636FEDF9 /* Pods-GeoTracker.debug.xcconfig */ = {isa = PBXFileReference; includeInIndex = 1; lastKnownFileType = text.xcconfig; name = "Pods-GeoTracker.debug.xcconfig"; path = "Pods/Target Support Files/Pods-GeoTracker/Pods-GeoTracker.debug.xcconfig"; sourceTree = "<group>"; };
		56DF6E7ED541E50F163E62FE /* Pods-GeoTracker.release.xcconfig */ = {isa = PBXFileReference; includeInIndex = 1; lastKnownFileType = text.xcconfig; name = "Pods-GeoTracker.release.xcconfig"; path = "Pods/Target Support Files/Pods-GeoTracker/Pods-GeoTracker.release.xcconfig"; sourceTree = "<group>"; };
		84BFBDD81E50E8EC00411D92 /* GeoTracker.app */ = {isa = PBXFileReference; explicitFileType = wrapper.application; includeInIndex = 0; path = GeoTracker.app; sourceTree = BUILT_PRODUCTS_DIR; };
		84BFBDDB1E50E8EC00411D92 /* AppDelegate.swift */ = {isa = PBXFileReference; lastKnownFileType = sourcecode.swift; path = AppDelegate.swift; sourceTree = "<group>"; };
		84BFBDDD1E50E8EC00411D92 /* ViewController.swift */ = {isa = PBXFileReference; lastKnownFileType = sourcecode.swift; path = ViewController.swift; sourceTree = "<group>"; };
		84BFBDE01E50E8EC00411D92 /* Base */ = {isa = PBXFileReference; lastKnownFileType = file.storyboard; name = Base; path = Base.lproj/Main.storyboard; sourceTree = "<group>"; };
		84BFBDE21E50E8EC00411D92 /* Assets.xcassets */ = {isa = PBXFileReference; lastKnownFileType = folder.assetcatalog; path = Assets.xcassets; sourceTree = "<group>"; };
		84BFBDE51E50E8EC00411D92 /* Base */ = {isa = PBXFileReference; lastKnownFileType = file.storyboard; name = Base; path = Base.lproj/LaunchScreen.storyboard; sourceTree = "<group>"; };
		84BFBDE71E50E8EC00411D92 /* Info.plist */ = {isa = PBXFileReference; lastKnownFileType = text.plist.xml; path = Info.plist; sourceTree = "<group>"; };
		84BFBDED1E50E9E400411D92 /* GeoTracker-Bridging-Header.h */ = {isa = PBXFileReference; lastKnownFileType = sourcecode.c.h; path = "GeoTracker-Bridging-Header.h"; sourceTree = "<group>"; };
		84BFBDEE1E50E9E500411D92 /* SWRevealViewController.h */ = {isa = PBXFileReference; fileEncoding = 4; lastKnownFileType = sourcecode.c.h; path = SWRevealViewController.h; sourceTree = "<group>"; };
		84BFBDEF1E50E9E500411D92 /* SWRevealViewController.m */ = {isa = PBXFileReference; fileEncoding = 4; lastKnownFileType = sourcecode.c.objc; path = SWRevealViewController.m; sourceTree = "<group>"; };
		84BFBDF11E50EA6600411D92 /* BackTableVC.swift */ = {isa = PBXFileReference; fileEncoding = 4; lastKnownFileType = sourcecode.swift; path = BackTableVC.swift; sourceTree = "<group>"; };
		DE2F50A5E210664C48789D48 /* Pods_GeoTracker.framework */ = {isa = PBXFileReference; explicitFileType = wrapper.framework; includeInIndex = 0; path = Pods_GeoTracker.framework; sourceTree = BUILT_PRODUCTS_DIR; };
/* End PBXFileReference section */

/* Begin PBXFrameworksBuildPhase section */
		84BFBDD51E50E8EC00411D92 /* Frameworks */ = {
			isa = PBXFrameworksBuildPhase;
			buildActionMask = 2147483647;
			files = (
				6C9C6B2779B79CEFFA3EADA5 /* Pods_GeoTracker.framework in Frameworks */,
			);
			runOnlyForDeploymentPostprocessing = 0;
		};
/* End PBXFrameworksBuildPhase section */

/* Begin PBXGroup section */
		1B35E6D1EFF7ED2977D20443 /* Frameworks */ = {
			isa = PBXGroup;
			children = (
				DE2F50A5E210664C48789D48 /* Pods_GeoTracker.framework */,
			);
			name = Frameworks;
			sourceTree = "<group>";
		};
		3406A37628DFBA6266030D76 /* Pods */ = {
			isa = PBXGroup;
			children = (
				4A867C4E50A0DEFF636FEDF9 /* Pods-GeoTracker.debug.xcconfig */,
				56DF6E7ED541E50F163E62FE /* Pods-GeoTracker.release.xcconfig */,
			);
			name = Pods;
			sourceTree = "<group>";
		};
		84BFBDCF1E50E8EC00411D92 = {
			isa = PBXGroup;
			children = (
				84BFBDDA1E50E8EC00411D92 /* GeoTracker */,
				84BFBDD91E50E8EC00411D92 /* Products */,
				3406A37628DFBA6266030D76 /* Pods */,
				1B35E6D1EFF7ED2977D20443 /* Frameworks */,
			);
			sourceTree = "<group>";
		};
		84BFBDD91E50E8EC00411D92 /* Products */ = {
			isa = PBXGroup;
			children = (
				84BFBDD81E50E8EC00411D92 /* GeoTracker.app */,
			);
			name = Products;
			sourceTree = "<group>";
		};
		84BFBDDA1E50E8EC00411D92 /* GeoTracker */ = {
			isa = PBXGroup;
			children = (
				84BFBDEE1E50E9E500411D92 /* SWRevealViewController.h */,
				84BFBDEF1E50E9E500411D92 /* SWRevealViewController.m */,
				84BFBDF11E50EA6600411D92 /* BackTableVC.swift */,
				84BFBDDB1E50E8EC00411D92 /* AppDelegate.swift */,
				84BFBDDD1E50E8EC00411D92 /* ViewController.swift */,
				84BFBDDF1E50E8EC00411D92 /* Main.storyboard */,
				84BFBDE21E50E8EC00411D92 /* Assets.xcassets */,
				84BFBDE41E50E8EC00411D92 /* LaunchScreen.storyboard */,
				84BFBDE71E50E8EC00411D92 /* Info.plist */,
				84BFBDED1E50E9E400411D92 /* GeoTracker-Bridging-Header.h */,
			);
			path = GeoTracker;
			sourceTree = "<group>";
		};
/* End PBXGroup section */

/* Begin PBXNativeTarget section */
		84BFBDD71E50E8EC00411D92 /* GeoTracker */ = {
			isa = PBXNativeTarget;
			buildConfigurationList = 84BFBDEA1E50E8EC00411D92 /* Build configuration list for PBXNativeTarget "GeoTracker" */;
			buildPhases = (
				C4900DAA7F4BCADB59D719ED /* [CP] Check Pods Manifest.lock */,
				84BFBDD41E50E8EC00411D92 /* Sources */,
				84BFBDD51E50E8EC00411D92 /* Frameworks */,
				84BFBDD61E50E8EC00411D92 /* Resources */,
				29D54DCE5A1DB091A0C2EA83 /* [CP] Embed Pods Frameworks */,
				7D82F498D661CBE771422601 /* [CP] Copy Pods Resources */,
			);
			buildRules = (
			);
			dependencies = (
			);
			name = GeoTracker;
			productName = GeoTracker;
			productReference = 84BFBDD81E50E8EC00411D92 /* GeoTracker.app */;
			productType = "com.apple.product-type.application";
		};
/* End PBXNativeTarget section */

/* Begin PBXProject section */
		84BFBDD01E50E8EC00411D92 /* Project object */ = {
			isa = PBXProject;
			attributes = {
				LastSwiftUpdateCheck = 0820;
				LastUpgradeCheck = 0820;
				ORGANIZATIONNAME = GeoTracker;
				TargetAttributes = {
					84BFBDD71E50E8EC00411D92 = {
						CreatedOnToolsVersion = 8.2.1;
						DevelopmentTeam = 25J2D97297;
						LastSwiftMigration = 0820;
						ProvisioningStyle = Automatic;
					};
				};
			};
			buildConfigurationList = 84BFBDD31E50E8EC00411D92 /* Build configuration list for PBXProject "GeoTracker" */;
			compatibilityVersion = "Xcode 3.2";
			developmentRegion = English;
			hasScannedForEncodings = 0;
			knownRegions = (
				en,
				Base,
			);
			mainGroup = 84BFBDCF1E50E8EC00411D92;
			productRefGroup = 84BFBDD91E50E8EC00411D92 /* Products */;
			projectDirPath = "";
			projectRoot = "";
			targets = (
				84BFBDD71E50E8EC00411D92 /* GeoTracker */,
			);
		};
/* End PBXProject section */

/* Begin PBXResourcesBuildPhase section */
		84BFBDD61E50E8EC00411D92 /* Resources */ = {
			isa = PBXResourcesBuildPhase;
			buildActionMask = 2147483647;
			files = (
				84BFBDE61E50E8EC00411D92 /* LaunchScreen.storyboard in Resources */,
				84BFBDE31E50E8EC00411D92 /* Assets.xcassets in Resources */,
				84BFBDE11E50E8EC00411D92 /* Main.storyboard in Resources */,
			);
			runOnlyForDeploymentPostprocessing = 0;
		};
/* End PBXResourcesBuildPhase section */

/* Begin PBXShellScriptBuildPhase section */
		29D54DCE5A1DB091A0C2EA83 /* [CP] Embed Pods Frameworks */ = {
			isa = PBXShellScriptBuildPhase;
			buildActionMask = 2147483647;
			files = (
			);
			inputPaths = (
			);
			name = "[CP] Embed Pods Frameworks";
			outputPaths = (
			);
			runOnlyForDeploymentPostprocessing = 0;
			shellPath = /bin/sh;
			shellScript = "\"${SRCROOT}/Pods/Target Support Files/Pods-GeoTracker/Pods-GeoTracker-frameworks.sh\"\n";
			showEnvVarsInLog = 0;
		};
		7D82F498D661CBE771422601 /* [CP] Copy Pods Resources */ = {
			isa = PBXShellScriptBuildPhase;
			buildActionMask = 2147483647;
			files = (
			);
			inputPaths = (
			);
			name = "[CP] Copy Pods Resources";
			outputPaths = (
			);
			runOnlyForDeploymentPostprocessing = 0;
			shellPath = /bin/sh;
			shellScript = "\"${SRCROOT}/Pods/Target Support Files/Pods-GeoTracker/Pods-GeoTracker-resources.sh\"\n";
			showEnvVarsInLog = 0;
		};
		C4900DAA7F4BCADB59D719ED /* [CP] Check Pods Manifest.lock */ = {
			isa = PBXShellScriptBuildPhase;
			buildActionMask = 2147483647;
			files = (
			);
			inputPaths = (
			);
			name = "[CP] Check Pods Manifest.lock";
			outputPaths = (
			);
			runOnlyForDeploymentPostprocessing = 0;
			shellPath = /bin/sh;
			shellScript = "diff \"${PODS_ROOT}/../Podfile.lock\" \"${PODS_ROOT}/Manifest.lock\" > /dev/null\nif [ $? != 0 ] ; then\n    # print error to STDERR\n    echo \"error: The sandbox is not in sync with the Podfile.lock. Run 'pod install' or update your CocoaPods installation.\" >&2\n    exit 1\nfi\n";
			showEnvVarsInLog = 0;
		};
/* End PBXShellScriptBuildPhase section */

/* Begin PBXSourcesBuildPhase section */
		84BFBDD41E50E8EC00411D92 /* Sources */ = {
			isa = PBXSourcesBuildPhase;
			buildActionMask = 2147483647;
			files = (
				84BFBDDE1E50E8EC00411D92 /* ViewController.swift in Sources */,
				84BFBDDC1E50E8EC00411D92 /* AppDelegate.swift in Sources */,
				84BFBDF21E50EA6600411D92 /* BackTableVC.swift in Sources */,
				84BFBDF01E50E9E500411D92 /* SWRevealViewController.m in Sources */,
			);
			runOnlyForDeploymentPostprocessing = 0;
		};
/* End PBXSourcesBuildPhase section */

/* Begin PBXVariantGroup section */
		84BFBDDF1E50E8EC00411D92 /* Main.storyboard */ = {
			isa = PBXVariantGroup;
			children = (
				84BFBDE01E50E8EC00411D92 /* Base */,
			);
			name = Main.storyboard;
			sourceTree = "<group>";
		};
		84BFBDE41E50E8EC00411D92 /* LaunchScreen.storyboard */ = {
			isa = PBXVariantGroup;
			children = (
				84BFBDE51E50E8EC00411D92 /* Base */,
			);
			name = LaunchScreen.storyboard;
			sourceTree = "<group>";
		};
/* End PBXVariantGroup section */

/* Begin XCBuildConfiguration section */
		84BFBDE81E50E8EC00411D92 /* Debug */ = {
			isa = XCBuildConfiguration;
			buildSettings = {
				ALWAYS_SEARCH_USER_PATHS = NO;
				CLANG_ANALYZER_NONNULL = YES;
				CLANG_CXX_LANGUAGE_STANDARD = "gnu++0x";
				CLANG_CXX_LIBRARY = "libc++";
				CLANG_ENABLE_MODULES = YES;
				CLANG_ENABLE_OBJC_ARC = YES;
				CLANG_WARN_BOOL_CONVERSION = YES;
				CLANG_WARN_CONSTANT_CONVERSION = YES;
				CLANG_WARN_DIRECT_OBJC_ISA_USAGE = YES_ERROR;
				CLANG_WARN_DOCUMENTATION_COMMENTS = YES;
				CLANG_WARN_EMPTY_BODY = YES;
				CLANG_WARN_ENUM_CONVERSION = YES;
				CLANG_WARN_INFINITE_RECURSION = YES;
				CLANG_WARN_INT_CONVERSION = YES;
				CLANG_WARN_OBJC_ROOT_CLASS = YES_ERROR;
				CLANG_WARN_SUSPICIOUS_MOVE = YES;
				CLANG_WARN_UNREACHABLE_CODE = YES;
				CLANG_WARN__DUPLICATE_METHOD_MATCH = YES;
				"CODE_SIGN_IDENTITY[sdk=iphoneos*]" = "iPhone Developer";
				COPY_PHASE_STRIP = NO;
				DEBUG_INFORMATION_FORMAT = dwarf;
				ENABLE_STRICT_OBJC_MSGSEND = YES;
				ENABLE_TESTABILITY = YES;
				GCC_C_LANGUAGE_STANDARD = gnu99;
				GCC_DYNAMIC_NO_PIC = NO;
				GCC_NO_COMMON_BLOCKS = YES;
				GCC_OPTIMIZATION_LEVEL = 0;
				GCC_PREPROCESSOR_DEFINITIONS = (
					"DEBUG=1",
					"$(inherited)",
				);
				GCC_WARN_64_TO_32_BIT_CONVERSION = YES;
				GCC_WARN_ABOUT_RETURN_TYPE = YES_ERROR;
				GCC_WARN_UNDECLARED_SELECTOR = YES;
				GCC_WARN_UNINITIALIZED_AUTOS = YES_AGGRESSIVE;
				GCC_WARN_UNUSED_FUNCTION = YES;
				GCC_WARN_UNUSED_VARIABLE = YES;
				IPHONEOS_DEPLOYMENT_TARGET = 10.2;
				MTL_ENABLE_DEBUG_INFO = YES;
				ONLY_ACTIVE_ARCH = YES;
				SDKROOT = iphoneos;
				SWIFT_ACTIVE_COMPILATION_CONDITIONS = DEBUG;
				SWIFT_OPTIMIZATION_LEVEL = "-Onone";
			};
			name = Debug;
		};
		84BFBDE91E50E8EC00411D92 /* Release */ = {
			isa = XCBuildConfiguration;
			buildSettings = {
				ALWAYS_SEARCH_USER_PATHS = NO;
				CLANG_ANALYZER_NONNULL = YES;
				CLANG_CXX_LANGUAGE_STANDARD = "gnu++0x";
				CLANG_CXX_LIBRARY = "libc++";
				CLANG_ENABLE_MODULES = YES;
				CLANG_ENABLE_OBJC_ARC = YES;
				CLANG_WARN_BOOL_CONVERSION = YES;
				CLANG_WARN_CONSTANT_CONVERSION = YES;
				CLANG_WARN_DIRECT_OBJC_ISA_USAGE = YES_ERROR;
				CLANG_WARN_DOCUMENTATION_COMMENTS = YES;
				CLANG_WARN_EMPTY_BODY = YES;
				CLANG_WARN_ENUM_CONVERSION = YES;
				CLANG_WARN_INFINITE_RECURSION = YES;
				CLANG_WARN_INT_CONVERSION = YES;
				CLANG_WARN_OBJC_ROOT_CLASS = YES_ERROR;
				CLANG_WARN_SUSPICIOUS_MOVE = YES;
				CLANG_WARN_UNREACHABLE_CODE = YES;
				CLANG_WARN__DUPLICATE_METHOD_MATCH = YES;
				"CODE_SIGN_IDENTITY[sdk=iphoneos*]" = "iPhone Developer";
				COPY_PHASE_STRIP = NO;
				DEBUG_INFORMATION_FORMAT = "dwarf-with-dsym";
				ENABLE_NS_ASSERTIONS = NO;
				ENABLE_STRICT_OBJC_MSGSEND = YES;
				GCC_C_LANGUAGE_STANDARD = gnu99;
				GCC_NO_COMMON_BLOCKS = YES;
				GCC_WARN_64_TO_32_BIT_CONVERSION = YES;
				GCC_WARN_ABOUT_RETURN_TYPE = YES_ERROR;
				GCC_WARN_UNDECLARED_SELECTOR = YES;
				GCC_WARN_UNINITIALIZED_AUTOS = YES_AGGRESSIVE;
				GCC_WARN_UNUSED_FUNCTION = YES;
				GCC_WARN_UNUSED_VARIABLE = YES;
				IPHONEOS_DEPLOYMENT_TARGET = 10.2;
				MTL_ENABLE_DEBUG_INFO = NO;
				SDKROOT = iphoneos;
				SWIFT_OPTIMIZATION_LEVEL = "-Owholemodule";
				VALIDATE_PRODUCT = YES;
			};
			name = Release;
		};
		84BFBDEB1E50E8EC00411D92 /* Debug */ = {
			isa = XCBuildConfiguration;
			baseConfigurationReference = 4A867C4E50A0DEFF636FEDF9 /* Pods-GeoTracker.debug.xcconfig */;
			buildSettings = {
				ASSETCATALOG_COMPILER_APPICON_NAME = AppIcon;
				CLANG_ENABLE_MODULES = YES;
				"CODE_SIGN_IDENTITY[sdk=iphoneos*]" = "iPhone Developer";
				DEVELOPMENT_TEAM = 25J2D97297;
				INFOPLIST_FILE = GeoTracker/Info.plist;
				IPHONEOS_DEPLOYMENT_TARGET = 10.0;
				LD_RUNPATH_SEARCH_PATHS = "$(inherited) @executable_path/Frameworks";
				PRODUCT_BUNDLE_IDENTIFIER = com.GeoTracker.GeoTracker;
				PRODUCT_NAME = "$(TARGET_NAME)";
				SWIFT_OBJC_BRIDGING_HEADER = "GeoTracker/GeoTracker-Bridging-Header.h";
				SWIFT_OPTIMIZATION_LEVEL = "-Onone";
				SWIFT_VERSION = 3.0;
			};
			name = Debug;
		};
		84BFBDEC1E50E8EC00411D92 /* Release */ = {
			isa = XCBuildConfiguration;
			baseConfigurationReference = 56DF6E7ED541E50F163E62FE /* Pods-GeoTracker.release.xcconfig */;
			buildSettings = {
				ASSETCATALOG_COMPILER_APPICON_NAME = AppIcon;
				CLANG_ENABLE_MODULES = YES;
				"CODE_SIGN_IDENTITY[sdk=iphoneos*]" = "iPhone Developer";
				DEVELOPMENT_TEAM = 25J2D97297;
				INFOPLIST_FILE = GeoTracker/Info.plist;
				IPHONEOS_DEPLOYMENT_TARGET = 10.0;
				LD_RUNPATH_SEARCH_PATHS = "$(inherited) @executable_path/Frameworks";
				PRODUCT_BUNDLE_IDENTIFIER = com.GeoTracker.GeoTracker;
				PRODUCT_NAME = "$(TARGET_NAME)";
				SWIFT_OBJC_BRIDGING_HEADER = "GeoTracker/GeoTracker-Bridging-Header.h";
				SWIFT_VERSION = 3.0;
			};
			name = Release;
		};
/* End XCBuildConfiguration section */

/* Begin XCConfigurationList section */
		84BFBDD31E50E8EC00411D92 /* Build configuration list for PBXProject "GeoTracker" */ = {
			isa = XCConfigurationList;
			buildConfigurations = (
				84BFBDE81E50E8EC00411D92 /* Debug */,
				84BFBDE91E50E8EC00411D92 /* Release */,
			);
			defaultConfigurationIsVisible = 0;
			defaultConfigurationName = Release;
		};
		84BFBDEA1E50E8EC00411D92 /* Build configuration list for PBXNativeTarget "GeoTracker" */ = {
			isa = XCConfigurationList;
			buildConfigurations = (
				84BFBDEB1E50E8EC00411D92 /* Debug */,
				84BFBDEC1E50E8EC00411D92 /* Release */,
			);
			defaultConfigurationIsVisible = 0;
			defaultConfigurationName = Release;
		};
/* End XCConfigurationList section */
	};
	rootObject = 84BFBDD01E50E8EC00411D92 /* Project object */;
}
